
Microsoft Visual Studio Solution File, Format Version 12.00
# Visual Studio Version 17
VisualStudioVersion = 17.8.34322.80
MinimumVisualStudioVersion = 10.0.40219.1
Project("{FAE04EC0-301F-11D3-BF4B-00C04F79EFBC}") = "ProjetoCadastro", "ProjetoCadastro\ProjetoCadastro.csproj", "{1F5A0829-CC9C-4053-AAFD-246B2A63B547}"
EndProject
Global
	GlobalSection(SolutionConfigurationPlatforms) = preSolution
		Debug|Any CPU = Debug|Any CPU
		Release|Any CPU = Release|Any CPU
	EndGlobalSection
	GlobalSection(ProjectConfigurationPlatforms) = postSolution
		{1F5A0829-CC9C-4053-AAFD-246B2A63B547}.Debug|Any CPU.ActiveCfg = Debug|Any CPU
		{1F5A0829-CC9C-4053-AAFD-246B2A63B547}.Debug|Any CPU.Build.0 = Debug|Any CPU
		{1F5A0829-CC9C-4053-AAFD-246B2A63B547}.Release|Any CPU.ActiveCfg = Release|Any CPU
		{1F5A0829-CC9C-4053-AAFD-246B2A63B547}.Release|Any CPU.Build.0 = Release|Any CPU
	EndGlobalSection
	GlobalSection(SolutionProperties) = preSolution
		HideSolutionNode = FALSE
	EndGlobalSection
	GlobalSection(ExtensibilityGlobals) = postSolution
		SolutionGuid = {585306CF-B3A0-4FE1-A3EF-CAFB7D24425D}
	EndGlobalSection
EndGlobal
